// !$*UTF8*$!
{
	archiveVersion = 1;
	classes = {
	};
	objectVersion = 50;
	objects = {

/* Begin PBXBuildFile section */
		AD7B8FB121032BFA006C454A /* AppDelegate.swift in Sources */ = {isa = PBXBuildFile; fileRef = AD7B8FB021032BFA006C454A /* AppDelegate.swift */; };
		AD7B8FB321032BFA006C454A /* ViewController.swift in Sources */ = {isa = PBXBuildFile; fileRef = AD7B8FB221032BFA006C454A /* ViewController.swift */; };
		AD7B8FB621032BFB006C454A /* Main.storyboard in Resources */ = {isa = PBXBuildFile; fileRef = AD7B8FB421032BFB006C454A /* Main.storyboard */; };
		AD7B8FB821032BFB006C454A /* Assets.xcassets in Resources */ = {isa = PBXBuildFile; fileRef = AD7B8FB721032BFB006C454A /* Assets.xcassets */; };
		AD7B8FBB21032BFB006C454A /* LaunchScreen.storyboard in Resources */ = {isa = PBXBuildFile; fileRef = AD7B8FB921032BFB006C454A /* LaunchScreen.storyboard */; };
		AD7B8FC621032BFB006C454A /* SwiftLecture02Tests.swift in Sources */ = {isa = PBXBuildFile; fileRef = AD7B8FC521032BFB006C454A /* SwiftLecture02Tests.swift */; };
		AD7B8FD121032BFB006C454A /* SwiftLecture02UITests.swift in Sources */ = {isa = PBXBuildFile; fileRef = AD7B8FD021032BFB006C454A /* SwiftLecture02UITests.swift */; };
/* End PBXBuildFile section */

/* Begin PBXContainerItemProxy section */
		AD7B8FC221032BFB006C454A /* PBXContainerItemProxy */ = {
			isa = PBXContainerItemProxy;
			containerPortal = AD7B8FA521032BFA006C454A /* Project object */;
			proxyType = 1;
			remoteGlobalIDString = AD7B8FAC21032BFA006C454A;
			remoteInfo = SwiftLecture02;
		};
		AD7B8FCD21032BFB006C454A /* PBXContainerItemProxy */ = {
			isa = PBXContainerItemProxy;
			containerPortal = AD7B8FA521032BFA006C454A /* Project object */;
			proxyType = 1;
			remoteGlobalIDString = AD7B8FAC21032BFA006C454A;
			remoteInfo = SwiftLecture02;
		};
/* End PBXContainerItemProxy section */

/* Begin PBXFileReference section */
		AD7B8FAD21032BFA006C454A /* SwiftLecture02.app */ = {isa = PBXFileReference; explicitFileType = wrapper.application; includeInIndex = 0; path = SwiftLecture02.app; sourceTree = BUILT_PRODUCTS_DIR; };
		AD7B8FB021032BFA006C454A /* AppDelegate.swift */ = {isa = PBXFileReference; lastKnownFileType = sourcecode.swift; path = AppDelegate.swift; sourceTree = "<group>"; };
		AD7B8FB221032BFA006C454A /* ViewController.swift */ = {isa = PBXFileReference; lastKnownFileType = sourcecode.swift; path = ViewController.swift; sourceTree = "<group>"; };
		AD7B8FB521032BFB006C454A /* Base */ = {isa = PBXFileReference; lastKnownFileType = file.storyboard; name = Base; path = Base.lproj/Main.storyboard; sourceTree = "<group>"; };
		AD7B8FB721032BFB006C454A /* Assets.xcassets */ = {isa = PBXFileReference; lastKnownFileType = folder.assetcatalog; path = Assets.xcassets; sourceTree = "<group>"; };
		AD7B8FBA21032BFB006C454A /* Base */ = {isa = PBXFileReference; lastKnownFileType = file.storyboard; name = Base; path = Base.lproj/LaunchScreen.storyboard; sourceTree = "<group>"; };
		AD7B8FBC21032BFB006C454A /* Info.plist */ = {isa = PBXFileReference; lastKnownFileType = text.plist.xml; path = Info.plist; sourceTree = "<group>"; };
		AD7B8FC121032BFB006C454A /* SwiftLecture02Tests.xctest */ = {isa = PBXFileReference; explicitFileType = wrapper.cfbundle; includeInIndex = 0; path = SwiftLecture02Tests.xctest; sourceTree = BUILT_PRODUCTS_DIR; };
		AD7B8FC521032BFB006C454A /* SwiftLecture02Tests.swift */ = {isa = PBXFileReference; lastKnownFileType = sourcecode.swift; path = SwiftLecture02Tests.swift; sourceTree = "<group>"; };
		AD7B8FC721032BFB006C454A /* Info.plist */ = {isa = PBXFileReference; lastKnownFileType = text.plist.xml; path = Info.plist; sourceTree = "<group>"; };
		AD7B8FCC21032BFB006C454A /* SwiftLecture02UITests.xctest */ = {isa = PBXFileReference; explicitFileType = wrapper.cfbundle; includeInIndex = 0; path = SwiftLecture02UITests.xctest; sourceTree = BUILT_PRODUCTS_DIR; };
		AD7B8FD021032BFB006C454A /* SwiftLecture02UITests.swift */ = {isa = PBXFileReference; lastKnownFileType = sourcecode.swift; path = SwiftLecture02UITests.swift; sourceTree = "<group>"; };
		AD7B8FD221032BFB006C454A /* Info.plist */ = {isa = PBXFileReference; lastKnownFileType = text.plist.xml; path = Info.plist; sourceTree = "<group>"; };
/* End PBXFileReference section */

/* Begin PBXFrameworksBuildPhase section */
		AD7B8FAA21032BFA006C454A /* Frameworks */ = {
			isa = PBXFrameworksBuildPhase;
			buildActionMask = 2147483647;
			files = (
			);
			runOnlyForDeploymentPostprocessing = 0;
		};
		AD7B8FBE21032BFB006C454A /* Frameworks */ = {
			isa = PBXFrameworksBuildPhase;
			buildActionMask = 2147483647;
			files = (
			);
			runOnlyForDeploymentPostprocessing = 0;
		};
		AD7B8FC921032BFB006C454A /* Frameworks */ = {
			isa = PBXFrameworksBuildPhase;
			buildActionMask = 2147483647;
			files = (
			);
			runOnlyForDeploymentPostprocessing = 0;
		};
/* End PBXFrameworksBuildPhase section */

/* Begin PBXGroup section */
		AD7B8FA421032BFA006C454A = {
			isa = PBXGroup;
			children = (
				AD7B8FAF21032BFA006C454A /* SwiftLecture02 */,
				AD7B8FC421032BFB006C454A /* SwiftLecture02Tests */,
				AD7B8FCF21032BFB006C454A /* SwiftLecture02UITests */,
				AD7B8FAE21032BFA006C454A /* Products */,
			);
			sourceTree = "<group>";
		};
		AD7B8FAE21032BFA006C454A /* Products */ = {
			isa = PBXGroup;
			children = (
				AD7B8FAD21032BFA006C454A /* SwiftLecture02.app */,
				AD7B8FC121032BFB006C454A /* SwiftLecture02Tests.xctest */,
				AD7B8FCC21032BFB006C454A /* SwiftLecture02UITests.xctest */,
			);
			name = Products;
			sourceTree = "<group>";
		};
		AD7B8FAF21032BFA006C454A /* SwiftLecture02 */ = {
			isa = PBXGroup;
			children = (
				ADFDF63321040DBA0032F779 /* LoginFlow */,
				AD7B8FB021032BFA006C454A /* AppDelegate.swift */,
				AD7B8FB221032BFA006C454A /* ViewController.swift */,
				AD7B8FB421032BFB006C454A /* Main.storyboard */,
				AD7B8FB721032BFB006C454A /* Assets.xcassets */,
				AD7B8FB921032BFB006C454A /* LaunchScreen.storyboard */,
				AD7B8FBC21032BFB006C454A /* Info.plist */,
			);
			path = SwiftLecture02;
			sourceTree = "<group>";
		};
		AD7B8FC421032BFB006C454A /* SwiftLecture02Tests */ = {
			isa = PBXGroup;
			children = (
				AD7B8FC521032BFB006C454A /* SwiftLecture02Tests.swift */,
				AD7B8FC721032BFB006C454A /* Info.plist */,
			);
			path = SwiftLecture02Tests;
			sourceTree = "<group>";
		};
		AD7B8FCF21032BFB006C454A /* SwiftLecture02UITests */ = {
			isa = PBXGroup;
			children = (
				AD7B8FD021032BFB006C454A /* SwiftLecture02UITests.swift */,
				AD7B8FD221032BFB006C454A /* Info.plist */,
			);
			path = SwiftLecture02UITests;
			sourceTree = "<group>";
		};
		ADFDF63321040DBA0032F779 /* LoginFlow */ = {
			isa = PBXGroup;
			children = (
			);
			path = LoginFlow;
			sourceTree = "<group>";
		};
/* End PBXGroup section */

/* Begin PBXNativeTarget section */
		AD7B8FAC21032BFA006C454A /* SwiftLecture02 */ = {
			isa = PBXNativeTarget;
			buildConfigurationList = AD7B8FD521032BFB006C454A /* Build configuration list for PBXNativeTarget "SwiftLecture02" */;
			buildPhases = (
				AD7B8FA921032BFA006C454A /* Sources */,
				AD7B8FAA21032BFA006C454A /* Frameworks */,
				AD7B8FAB21032BFA006C454A /* Resources */,
			);
			buildRules = (
			);
			dependencies = (
			);
			name = SwiftLecture02;
			productName = SwiftLecture02;
			productReference = AD7B8FAD21032BFA006C454A /* SwiftLecture02.app */;
			productType = "com.apple.product-type.application";
		};
		AD7B8FC021032BFB006C454A /* SwiftLecture02Tests */ = {
			isa = PBXNativeTarget;
			buildConfigurationList = AD7B8FD821032BFB006C454A /* Build configuration list for PBXNativeTarget "SwiftLecture02Tests" */;
			buildPhases = (
				AD7B8FBD21032BFB006C454A /* Sources */,
				AD7B8FBE21032BFB006C454A /* Frameworks */,
				AD7B8FBF21032BFB006C454A /* Resources */,
			);
			buildRules = (
			);
			dependencies = (
				AD7B8FC321032BFB006C454A /* PBXTargetDependency */,
			);
			name = SwiftLecture02Tests;
			productName = SwiftLecture02Tests;
			productReference = AD7B8FC121032BFB006C454A /* SwiftLecture02Tests.xctest */;
			productType = "com.apple.product-type.bundle.unit-test";
		};
		AD7B8FCB21032BFB006C454A /* SwiftLecture02UITests */ = {
			isa = PBXNativeTarget;
			buildConfigurationList = AD7B8FDB21032BFB006C454A /* Build configuration list for PBXNativeTarget "SwiftLecture02UITests" */;
			buildPhases = (
				AD7B8FC821032BFB006C454A /* Sources */,
				AD7B8FC921032BFB006C454A /* Frameworks */,
				AD7B8FCA21032BFB006C454A /* Resources */,
			);
			buildRules = (
			);
			dependencies = (
				AD7B8FCE21032BFB006C454A /* PBXTargetDependency */,
			);
			name = SwiftLecture02UITests;
			productName = SwiftLecture02UITests;
			productReference = AD7B8FCC21032BFB006C454A /* SwiftLecture02UITests.xctest */;
			productType = "com.apple.product-type.bundle.ui-testing";
		};
/* End PBXNativeTarget section */

/* Begin PBXProject section */
		AD7B8FA521032BFA006C454A /* Project object */ = {
			isa = PBXProject;
			attributes = {
				LastSwiftUpdateCheck = 0940;
				LastUpgradeCheck = 0940;
				ORGANIZATIONNAME = stu1;
				TargetAttributes = {
					AD7B8FAC21032BFA006C454A = {
						CreatedOnToolsVersion = 9.4;
					};
					AD7B8FC021032BFB006C454A = {
						CreatedOnToolsVersion = 9.4;
						TestTargetID = AD7B8FAC21032BFA006C454A;
					};
					AD7B8FCB21032BFB006C454A = {
						CreatedOnToolsVersion = 9.4;
						TestTargetID = AD7B8FAC21032BFA006C454A;
					};
				};
			};
			buildConfigurationList = AD7B8FA821032BFA006C454A /* Build configuration list for PBXProject "SwiftLecture02" */;
			compatibilityVersion = "Xcode 9.3";
			developmentRegion = en;
			hasScannedForEncodings = 0;
			knownRegions = (
				en,
				Base,
			);
			mainGroup = AD7B8FA421032BFA006C454A;
			productRefGroup = AD7B8FAE21032BFA006C454A /* Products */;
			projectDirPath = "";
			projectRoot = "";
			targets = (
				AD7B8FAC21032BFA006C454A /* SwiftLecture02 */,
				AD7B8FC021032BFB006C454A /* SwiftLecture02Tests */,
				AD7B8FCB21032BFB006C454A /* SwiftLecture02UITests */,
			);
		};
/* End PBXProject section */

/* Begin PBXResourcesBuildPhase section */
		AD7B8FAB21032BFA006C454A /* Resources */ = {
			isa = PBXResourcesBuildPhase;
			buildActionMask = 2147483647;
			files = (
				AD7B8FBB21032BFB006C454A /* LaunchScreen.storyboard in Resources */,
				AD7B8FB821032BFB006C454A /* Assets.xcassets in Resources */,
				AD7B8FB621032BFB006C454A /* Main.storyboard in Resources */,
			);
			runOnlyForDeploymentPostprocessing = 0;
		};
		AD7B8FBF21032BFB006C454A /* Resources */ = {
			isa = PBXResourcesBuildPhase;
			buildActionMask = 2147483647;
			files = (
			);
			runOnlyForDeploymentPostprocessing = 0;
		};
		AD7B8FCA21032BFB006C454A /* Resources */ = {
			isa = PBXResourcesBuildPhase;
			buildActionMask = 2147483647;
			files = (
			);
			runOnlyForDeploymentPostprocessing = 0;
		};
/* End PBXResourcesBuildPhase section */

/* Begin PBXSourcesBuildPhase section */
		AD7B8FA921032BFA006C454A /* Sources */ = {
			isa = PBXSourcesBuildPhase;
			buildActionMask = 2147483647;
			files = (
				AD7B8FB321032BFA006C454A /* ViewController.swift in Sources */,
				AD7B8FB121032BFA006C454A /* AppDelegate.swift in Sources */,
			);
			runOnlyForDeploymentPostprocessing = 0;
		};
		AD7B8FBD21032BFB006C454A /* Sources */ = {
			isa = PBXSourcesBuildPhase;
			buildActionMask = 2147483647;
			files = (
				AD7B8FC621032BFB006C454A /* SwiftLecture02Tests.swift in Sources */,
			);
			runOnlyForDeploymentPostprocessing = 0;
		};
		AD7B8FC821032BFB006C454A /* Sources */ = {
			isa = PBXSourcesBuildPhase;
			buildActionMask = 2147483647;
			files = (
				AD7B8FD121032BFB006C454A /* SwiftLecture02UITests.swift in Sources */,
			);
			runOnlyForDeploymentPostprocessing = 0;
		};
/* End PBXSourcesBuildPhase section */

/* Begin PBXTargetDependency section */
		AD7B8FC321032BFB006C454A /* PBXTargetDependency */ = {
			isa = PBXTargetDependency;
			target = AD7B8FAC21032BFA006C454A /* SwiftLecture02 */;
			targetProxy = AD7B8FC221032BFB006C454A /* PBXContainerItemProxy */;
		};
		AD7B8FCE21032BFB006C454A /* PBXTargetDependency */ = {
			isa = PBXTargetDependency;
			target = AD7B8FAC21032BFA006C454A /* SwiftLecture02 */;
			targetProxy = AD7B8FCD21032BFB006C454A /* PBXContainerItemProxy */;
		};
/* End PBXTargetDependency section */

/* Begin PBXVariantGroup section */
		AD7B8FB421032BFB006C454A /* Main.storyboard */ = {
			isa = PBXVariantGroup;
			children = (
				AD7B8FB521032BFB006C454A /* Base */,
			);
			name = Main.storyboard;
			sourceTree = "<group>";
		};
		AD7B8FB921032BFB006C454A /* LaunchScreen.storyboard */ = {
			isa = PBXVariantGroup;
			children = (
				AD7B8FBA21032BFB006C454A /* Base */,
			);
			name = LaunchScreen.storyboard;
			sourceTree = "<group>";
		};
/* End PBXVariantGroup section */

/* Begin XCBuildConfiguration section */
		AD7B8FD321032BFB006C454A /* Debug */ = {
			isa = XCBuildConfiguration;
			buildSettings = {
				ALWAYS_SEARCH_USER_PATHS = NO;
				CLANG_ANALYZER_NONNULL = YES;
				CLANG_ANALYZER_NUMBER_OBJECT_CONVERSION = YES_AGGRESSIVE;
				CLANG_CXX_LANGUAGE_STANDARD = "gnu++14";
				CLANG_CXX_LIBRARY = "libc++";
				CLANG_ENABLE_MODULES = YES;
				CLANG_ENABLE_OBJC_ARC = YES;
				CLANG_ENABLE_OBJC_WEAK = YES;
				CLANG_WARN_BLOCK_CAPTURE_AUTORELEASING = YES;
				CLANG_WARN_BOOL_CONVERSION = YES;
				CLANG_WARN_COMMA = YES;
				CLANG_WARN_CONSTANT_CONVERSION = YES;
				CLANG_WARN_DEPRECATED_OBJC_IMPLEMENTATIONS = YES;
				CLANG_WARN_DIRECT_OBJC_ISA_USAGE = YES_ERROR;
				CLANG_WARN_DOCUMENTATION_COMMENTS = YES;
				CLANG_WARN_EMPTY_BODY = YES;
				CLANG_WARN_ENUM_CONVERSION = YES;
				CLANG_WARN_INFINITE_RECURSION = YES;
				CLANG_WARN_INT_CONVERSION = YES;
				CLANG_WARN_NON_LITERAL_NULL_CONVERSION = YES;
				CLANG_WARN_OBJC_IMPLICIT_RETAIN_SELF = YES;
				CLANG_WARN_OBJC_LITERAL_CONVERSION = YES;
				CLANG_WARN_OBJC_ROOT_CLASS = YES_ERROR;
				CLANG_WARN_RANGE_LOOP_ANALYSIS = YES;
				CLANG_WARN_STRICT_PROTOTYPES = YES;
				CLANG_WARN_SUSPICIOUS_MOVE = YES;
				CLANG_WARN_UNGUARDED_AVAILABILITY = YES_AGGRESSIVE;
				CLANG_WARN_UNREACHABLE_CODE = YES;
				CLANG_WARN__DUPLICATE_METHOD_MATCH = YES;
				CODE_SIGN_IDENTITY = "iPhone Developer";
				COPY_PHASE_STRIP = NO;
				DEBUG_INFORMATION_FORMAT = dwarf;
				ENABLE_STRICT_OBJC_MSGSEND = YES;
				ENABLE_TESTABILITY = YES;
				GCC_C_LANGUAGE_STANDARD = gnu11;
				GCC_DYNAMIC_NO_PIC = NO;
				GCC_NO_COMMON_BLOCKS = YES;
				GCC_OPTIMIZATION_LEVEL = 0;
				GCC_PREPROCESSOR_DEFINITIONS = (
					"DEBUG=1",
					"$(inherited)",
				);
				GCC_WARN_64_TO_32_BIT_CONVERSION = YES;
				GCC_WARN_ABOUT_RETURN_TYPE = YES_ERROR;
				GCC_WARN_UNDECLARED_SELECTOR = YES;
				GCC_WARN_UNINITIALIZED_AUTOS = YES_AGGRESSIVE;
				GCC_WARN_UNUSED_FUNCTION = YES;
				GCC_WARN_UNUSED_VARIABLE = YES;
				IPHONEOS_DEPLOYMENT_TARGET = 11.4;
				MTL_ENABLE_DEBUG_INFO = YES;
				ONLY_ACTIVE_ARCH = YES;
				SDKROOT = iphoneos;
				SWIFT_ACTIVE_COMPILATION_CONDITIONS = DEBUG;
				SWIFT_OPTIMIZATION_LEVEL = "-Onone";
			};
			name = Debug;
		};
		AD7B8FD421032BFB006C454A /* Release */ = {
			isa = XCBuildConfiguration;
			buildSettings = {
				ALWAYS_SEARCH_USER_PATHS = NO;
				CLANG_ANALYZER_NONNULL = YES;
				CLANG_ANALYZER_NUMBER_OBJECT_CONVERSION = YES_AGGRESSIVE;
				CLANG_CXX_LANGUAGE_STANDARD = "gnu++14";
				CLANG_CXX_LIBRARY = "libc++";
				CLANG_ENABLE_MODULES = YES;
				CLANG_ENABLE_OBJC_ARC = YES;
				CLANG_ENABLE_OBJC_WEAK = YES;
				CLANG_WARN_BLOCK_CAPTURE_AUTORELEASING = YES;
				CLANG_WARN_BOOL_CONVERSION = YES;
				CLANG_WARN_COMMA = YES;
				CLANG_WARN_CONSTANT_CONVERSION = YES;
				CLANG_WARN_DEPRECATED_OBJC_IMPLEMENTATIONS = YES;
				CLANG_WARN_DIRECT_OBJC_ISA_USAGE = YES_ERROR;
				CLANG_WARN_DOCUMENTATION_COMMENTS = YES;
				CLANG_WARN_EMPTY_BODY = YES;
				CLANG_WARN_ENUM_CONVERSION = YES;
				CLANG_WARN_INFINITE_RECURSION = YES;
				CLANG_WARN_INT_CONVERSION = YES;
				CLANG_WARN_NON_LITERAL_NULL_CONVERSION = YES;
				CLANG_WARN_OBJC_IMPLICIT_RETAIN_SELF = YES;
				CLANG_WARN_OBJC_LITERAL_CONVERSION = YES;
				CLANG_WARN_OBJC_ROOT_CLASS = YES_ERROR;
				CLANG_WARN_RANGE_LOOP_ANALYSIS = YES;
				CLANG_WARN_STRICT_PROTOTYPES = YES;
				CLANG_WARN_SUSPICIOUS_MOVE = YES;
				CLANG_WARN_UNGUARDED_AVAILABILITY = YES_AGGRESSIVE;
				CLANG_WARN_UNREACHABLE_CODE = YES;
				CLANG_WARN__DUPLICATE_METHOD_MATCH = YES;
				CODE_SIGN_IDENTITY = "iPhone Developer";
				COPY_PHASE_STRIP = NO;
				DEBUG_INFORMATION_FORMAT = "dwarf-with-dsym";
				ENABLE_NS_ASSERTIONS = NO;
				ENABLE_STRICT_OBJC_MSGSEND = YES;
				GCC_C_LANGUAGE_STANDARD = gnu11;
				GCC_NO_COMMON_BLOCKS = YES;
				GCC_WARN_64_TO_32_BIT_CONVERSION = YES;
				GCC_WARN_ABOUT_RETURN_TYPE = YES_ERROR;
				GCC_WARN_UNDECLARED_SELECTOR = YES;
				GCC_WARN_UNINITIALIZED_AUTOS = YES_AGGRESSIVE;
				GCC_WARN_UNUSED_FUNCTION = YES;
				GCC_WARN_UNUSED_VARIABLE = YES;
				IPHONEOS_DEPLOYMENT_TARGET = 11.4;
				MTL_ENABLE_DEBUG_INFO = NO;
				SDKROOT = iphoneos;
				SWIFT_COMPILATION_MODE = wholemodule;
				SWIFT_OPTIMIZATION_LEVEL = "-O";
				VALIDATE_PRODUCT = YES;
			};
			name = Release;
		};
		AD7B8FD621032BFB006C454A /* Debug */ = {
			isa = XCBuildConfiguration;
			buildSettings = {
				ASSETCATALOG_COMPILER_APPICON_NAME = AppIcon;
				CODE_SIGN_STYLE = Automatic;
				INFOPLIST_FILE = SwiftLecture02/Info.plist;
				LD_RUNPATH_SEARCH_PATHS = (
					"$(inherited)",
					"@executable_path/Frameworks",
				);
				PRODUCT_BUNDLE_IDENTIFIER = com.tripim.SwiftLecture02;
				PRODUCT_NAME = "$(TARGET_NAME)";
				SWIFT_VERSION = 4.0;
				TARGETED_DEVICE_FAMILY = "1,2";
			};
			name = Debug;
		};
		AD7B8FD721032BFB006C454A /* Release */ = {
			isa = XCBuildConfiguration;
			buildSettings = {
				ASSETCATALOG_COMPILER_APPICON_NAME = AppIcon;
				CODE_SIGN_STYLE = Automatic;
				INFOPLIST_FILE = SwiftLecture02/Info.plist;
				LD_RUNPATH_SEARCH_PATHS = (
					"$(inherited)",
					"@executable_path/Frameworks",
				);
				PRODUCT_BUNDLE_IDENTIFIER = com.tripim.SwiftLecture02;
				PRODUCT_NAME = "$(TARGET_NAME)";
				SWIFT_VERSION = 4.0;
				TARGETED_DEVICE_FAMILY = "1,2";
			};
			name = Release;
		};
		AD7B8FD921032BFB006C454A /* Debug */ = {
			isa = XCBuildConfiguration;
			buildSettings = {
				ALWAYS_EMBED_SWIFT_STANDARD_LIBRARIES = YES;
				BUNDLE_LOADER = "$(TEST_HOST)";
				CODE_SIGN_STYLE = Automatic;
				INFOPLIST_FILE = SwiftLecture02Tests/Info.plist;
				LD_RUNPATH_SEARCH_PATHS = (
					"$(inherited)",
					"@executable_path/Frameworks",
					"@loader_path/Frameworks",
				);
				PRODUCT_BUNDLE_IDENTIFIER = com.tripim.SwiftLecture02Tests;
				PRODUCT_NAME = "$(TARGET_NAME)";
				SWIFT_VERSION = 4.0;
				TARGETED_DEVICE_FAMILY = "1,2";
				TEST_HOST = "$(BUILT_PRODUCTS_DIR)/SwiftLecture02.app/SwiftLecture02";
			};
			name = Debug;
		};
		AD7B8FDA21032BFB006C454A /* Release */ = {
			isa = XCBuildConfiguration;
			buildSettings = {
				ALWAYS_EMBED_SWIFT_STANDARD_LIBRARIES = YES;
				BUNDLE_LOADER = "$(TEST_HOST)";
				CODE_SIGN_STYLE = Automatic;
				INFOPLIST_FILE = SwiftLecture02Tests/Info.plist;
				LD_RUNPATH_SEARCH_PATHS = (
					"$(inherited)",
					"@executable_path/Frameworks",
					"@loader_path/Frameworks",
				);
				PRODUCT_BUNDLE_IDENTIFIER = com.tripim.SwiftLecture02Tests;
				PRODUCT_NAME = "$(TARGET_NAME)";
				SWIFT_VERSION = 4.0;
				TARGETED_DEVICE_FAMILY = "1,2";
				TEST_HOST = "$(BUILT_PRODUCTS_DIR)/SwiftLecture02.app/SwiftLecture02";
			};
			name = Release;
		};
		AD7B8FDC21032BFB006C454A /* Debug */ = {
			isa = XCBuildConfiguration;
			buildSettings = {
				ALWAYS_EMBED_SWIFT_STANDARD_LIBRARIES = YES;
				CODE_SIGN_STYLE = Automatic;
				INFOPLIST_FILE = SwiftLecture02UITests/Info.plist;
				LD_RUNPATH_SEARCH_PATHS = (
					"$(inherited)",
					"@executable_path/Frameworks",
					"@loader_path/Frameworks",
				);
				PRODUCT_BUNDLE_IDENTIFIER = com.tripim.SwiftLecture02UITests;
				PRODUCT_NAME = "$(TARGET_NAME)";
				SWIFT_VERSION = 4.0;
				TARGETED_DEVICE_FAMILY = "1,2";
				TEST_TARGET_NAME = SwiftLecture02;
			};
			name = Debug;
		};
		AD7B8FDD21032BFB006C454A /* Release */ = {
			isa = XCBuildConfiguration;
			buildSettings = {
				ALWAYS_EMBED_SWIFT_STANDARD_LIBRARIES = YES;
				CODE_SIGN_STYLE = Automatic;
				INFOPLIST_FILE = SwiftLecture02UITests/Info.plist;
				LD_RUNPATH_SEARCH_PATHS = (
					"$(inherited)",
					"@executable_path/Frameworks",
					"@loader_path/Frameworks",
				);
				PRODUCT_BUNDLE_IDENTIFIER = com.tripim.SwiftLecture02UITests;
				PRODUCT_NAME = "$(TARGET_NAME)";
				SWIFT_VERSION = 4.0;
				TARGETED_DEVICE_FAMILY = "1,2";
				TEST_TARGET_NAME = SwiftLecture02;
			};
			name = Release;
		};
/* End XCBuildConfiguration section */

/* Begin XCConfigurationList section */
		AD7B8FA821032BFA006C454A /* Build configuration list for PBXProject "SwiftLecture02" */ = {
			isa = XCConfigurationList;
			buildConfigurations = (
				AD7B8FD321032BFB006C454A /* Debug */,
				AD7B8FD421032BFB006C454A /* Release */,
			);
			defaultConfigurationIsVisible = 0;
			defaultConfigurationName = Release;
		};
		AD7B8FD521032BFB006C454A /* Build configuration list for PBXNativeTarget "SwiftLecture02" */ = {
			isa = XCConfigurationList;
			buildConfigurations = (
				AD7B8FD621032BFB006C454A /* Debug */,
				AD7B8FD721032BFB006C454A /* Release */,
			);
			defaultConfigurationIsVisible = 0;
			defaultConfigurationName = Release;
		};
		AD7B8FD821032BFB006C454A /* Build configuration list for PBXNativeTarget "SwiftLecture02Tests" */ = {
			isa = XCConfigurationList;
			buildConfigurations = (
				AD7B8FD921032BFB006C454A /* Debug */,
				AD7B8FDA21032BFB006C454A /* Release */,
			);
			defaultConfigurationIsVisible = 0;
			defaultConfigurationName = Release;
		};
		AD7B8FDB21032BFB006C454A /* Build configuration list for PBXNativeTarget "SwiftLecture02UITests" */ = {
			isa = XCConfigurationList;
			buildConfigurations = (
				AD7B8FDC21032BFB006C454A /* Debug */,
				AD7B8FDD21032BFB006C454A /* Release */,
			);
			defaultConfigurationIsVisible = 0;
			defaultConfigurationName = Release;
		};
/* End XCConfigurationList section */
	};
	rootObject = AD7B8FA521032BFA006C454A /* Project object */;
}
